// !$*UTF8*$!
{
	archiveVersion = 1;
	classes = {
	};
	objectVersion = 51;
	objects = {

/* Begin PBXBuildFile section */
		732CBF49283F26780000DB3E /* ViewTests.swift in Sources */ = {isa = PBXBuildFile; fileRef = 732CBF48283F26780000DB3E /* ViewTests.swift */; };
		732CBF4E283F26D60000DB3E /* ViewMock.swift in Sources */ = {isa = PBXBuildFile; fileRef = 732CBF4D283F26D60000DB3E /* ViewMock.swift */; };
		732D4760281F4E2100038C57 /* GoogleService-Info.plist in Resources */ = {isa = PBXBuildFile; fileRef = 732D475F281F4E2100038C57 /* GoogleService-Info.plist */; };
		732D47812820F08100038C57 /* AuthViewController.swift in Sources */ = {isa = PBXBuildFile; fileRef = 732D47802820F08100038C57 /* AuthViewController.swift */; };
		73553BF3283AF8A800D29814 /* Movie+CoreDataClass.swift in Sources */ = {isa = PBXBuildFile; fileRef = 73553BF1283AF8A800D29814 /* Movie+CoreDataClass.swift */; };
		73553BF4283AF8A800D29814 /* Movie+CoreDataProperties.swift in Sources */ = {isa = PBXBuildFile; fileRef = 73553BF2283AF8A800D29814 /* Movie+CoreDataProperties.swift */; };
		73553C13283B30F800D29814 /* FetchData.swift in Sources */ = {isa = PBXBuildFile; fileRef = 73553C12283B30F800D29814 /* FetchData.swift */; };
		73553C1E283EEE7800D29814 /* FetchDataMock.swift in Sources */ = {isa = PBXBuildFile; fileRef = 73553C1D283EEE7800D29814 /* FetchDataMock.swift */; };
		73553C2C283EF04200D29814 /* ViewPresenterTests.swift in Sources */ = {isa = PBXBuildFile; fileRef = 73553C2B283EF04200D29814 /* ViewPresenterTests.swift */; };
		735B2E03280F64B600C378F0 /* DataCollectionViewCell.swift in Sources */ = {isa = PBXBuildFile; fileRef = 735B2E02280F64B600C378F0 /* DataCollectionViewCell.swift */; };
		735B2E0A280F6F2100C378F0 /* Presenter.swift in Sources */ = {isa = PBXBuildFile; fileRef = 735B2E09280F6F2100C378F0 /* Presenter.swift */; };
		735B2E10280F6FEB00C378F0 /* View.swift in Sources */ = {isa = PBXBuildFile; fileRef = 735B2E0F280F6FEB00C378F0 /* View.swift */; };
		735B2E1F28106B9E00C378F0 /* PopularMoviesServersResponse.swift in Sources */ = {isa = PBXBuildFile; fileRef = 735B2E1E28106B9E00C378F0 /* PopularMoviesServersResponse.swift */; };
		735B2E2428106C2B00C378F0 /* MovieJSON.swift in Sources */ = {isa = PBXBuildFile; fileRef = 735B2E2328106C2B00C378F0 /* MovieJSON.swift */; };
		73A8E2A72820F6D90050EE7D /* LogOutViewController.swift in Sources */ = {isa = PBXBuildFile; fileRef = 73A8E2A62820F6D90050EE7D /* LogOutViewController.swift */; };
		73BEAEC22841745B00F33C6E /* Storage.swift in Sources */ = {isa = PBXBuildFile; fileRef = 73BEAEC12841745B00F33C6E /* Storage.swift */; };
		73BEAEC72842C8DA00F33C6E /* StorageMock.swift in Sources */ = {isa = PBXBuildFile; fileRef = 73BEAEC62842C8DA00F33C6E /* StorageMock.swift */; };
		73C638BC280E3C4400C68E9E /* AppDelegate.swift in Sources */ = {isa = PBXBuildFile; fileRef = 73C638BB280E3C4400C68E9E /* AppDelegate.swift */; };
		73C638BE280E3C4400C68E9E /* SceneDelegate.swift in Sources */ = {isa = PBXBuildFile; fileRef = 73C638BD280E3C4400C68E9E /* SceneDelegate.swift */; };
		73C638C0280E3C4400C68E9E /* HomeViewController.swift in Sources */ = {isa = PBXBuildFile; fileRef = 73C638BF280E3C4400C68E9E /* HomeViewController.swift */; };
		73C638C3280E3C4400C68E9E /* Main.storyboard in Resources */ = {isa = PBXBuildFile; fileRef = 73C638C1280E3C4400C68E9E /* Main.storyboard */; };
		73C638C6280E3C4400C68E9E /* MoviesInformation.xcdatamodeld in Sources */ = {isa = PBXBuildFile; fileRef = 73C638C4280E3C4400C68E9E /* MoviesInformation.xcdatamodeld */; };
		73C638C8280E3C4600C68E9E /* Assets.xcassets in Resources */ = {isa = PBXBuildFile; fileRef = 73C638C7280E3C4600C68E9E /* Assets.xcassets */; };
		73C638CB280E3C4600C68E9E /* LaunchScreen.storyboard in Resources */ = {isa = PBXBuildFile; fileRef = 73C638C9280E3C4600C68E9E /* LaunchScreen.storyboard */; };
		73C638D6280E3C4600C68E9E /* MoviesInformationTests.swift in Sources */ = {isa = PBXBuildFile; fileRef = 73C638D5280E3C4600C68E9E /* MoviesInformationTests.swift */; };
		73C638E1280E3C4600C68E9E /* MoviesInformationUITests.swift in Sources */ = {isa = PBXBuildFile; fileRef = 73C638E0280E3C4600C68E9E /* MoviesInformationUITests.swift */; };
		73C638F3280E3D2B00C68E9E /* ViewPresenter.swift in Sources */ = {isa = PBXBuildFile; fileRef = 73C638F2280E3D2B00C68E9E /* ViewPresenter.swift */; };
		73E72FEC2811587000F4185D /* MovieDetailViewController.swift in Sources */ = {isa = PBXBuildFile; fileRef = 73E72FEB2811587000F4185D /* MovieDetailViewController.swift */; };
		B10B54059A205EE6F98837EA /* Pods_MoviesInformationTests.framework in Frameworks */ = {isa = PBXBuildFile; fileRef = EE3F46F8FB537650F292481D /* Pods_MoviesInformationTests.framework */; };
		B32972D29515537B955D94E1 /* Pods_MoviesInformation_MoviesInformationUITests.framework in Frameworks */ = {isa = PBXBuildFile; fileRef = 63F7E67A23CF9AF4D5E0947D /* Pods_MoviesInformation_MoviesInformationUITests.framework */; };
		EB352DFE23CE00D44B6F9ABC /* Pods_MoviesInformation.framework in Frameworks */ = {isa = PBXBuildFile; fileRef = DE5A9000385E78473439D09E /* Pods_MoviesInformation.framework */; };
/* End PBXBuildFile section */

/* Begin PBXContainerItemProxy section */
		73C638D2280E3C4600C68E9E /* PBXContainerItemProxy */ = {
			isa = PBXContainerItemProxy;
			containerPortal = 73C638B0280E3C4400C68E9E /* Project object */;
			proxyType = 1;
			remoteGlobalIDString = 73C638B7280E3C4400C68E9E;
			remoteInfo = MoviesInformation;
		};
		73C638DD280E3C4600C68E9E /* PBXContainerItemProxy */ = {
			isa = PBXContainerItemProxy;
			containerPortal = 73C638B0280E3C4400C68E9E /* Project object */;
			proxyType = 1;
			remoteGlobalIDString = 73C638B7280E3C4400C68E9E;
			remoteInfo = MoviesInformation;
		};
/* End PBXContainerItemProxy section */

/* Begin PBXFileReference section */
		30BCB45D839178F9B4B559E7 /* Pods-MoviesInformation.release.xcconfig */ = {isa = PBXFileReference; includeInIndex = 1; lastKnownFileType = text.xcconfig; name = "Pods-MoviesInformation.release.xcconfig"; path = "Target Support Files/Pods-MoviesInformation/Pods-MoviesInformation.release.xcconfig"; sourceTree = "<group>"; };
		638713024424133EC86EDDC8 /* Pods-MoviesInformationTests.debug.xcconfig */ = {isa = PBXFileReference; includeInIndex = 1; lastKnownFileType = text.xcconfig; name = "Pods-MoviesInformationTests.debug.xcconfig"; path = "Target Support Files/Pods-MoviesInformationTests/Pods-MoviesInformationTests.debug.xcconfig"; sourceTree = "<group>"; };
		63F7E67A23CF9AF4D5E0947D /* Pods_MoviesInformation_MoviesInformationUITests.framework */ = {isa = PBXFileReference; explicitFileType = wrapper.framework; includeInIndex = 0; path = Pods_MoviesInformation_MoviesInformationUITests.framework; sourceTree = BUILT_PRODUCTS_DIR; };
		732CBF48283F26780000DB3E /* ViewTests.swift */ = {isa = PBXFileReference; lastKnownFileType = sourcecode.swift; path = ViewTests.swift; sourceTree = "<group>"; };
		732CBF4D283F26D60000DB3E /* ViewMock.swift */ = {isa = PBXFileReference; lastKnownFileType = sourcecode.swift; path = ViewMock.swift; sourceTree = "<group>"; };
		732D475F281F4E2100038C57 /* GoogleService-Info.plist */ = {isa = PBXFileReference; fileEncoding = 4; lastKnownFileType = text.plist.xml; path = "GoogleService-Info.plist"; sourceTree = "<group>"; };
		732D47802820F08100038C57 /* AuthViewController.swift */ = {isa = PBXFileReference; lastKnownFileType = sourcecode.swift; path = AuthViewController.swift; sourceTree = "<group>"; };
		73553BF1283AF8A800D29814 /* Movie+CoreDataClass.swift */ = {isa = PBXFileReference; lastKnownFileType = sourcecode.swift; path = "Movie+CoreDataClass.swift"; sourceTree = "<group>"; };
		73553BF2283AF8A800D29814 /* Movie+CoreDataProperties.swift */ = {isa = PBXFileReference; lastKnownFileType = sourcecode.swift; path = "Movie+CoreDataProperties.swift"; sourceTree = "<group>"; };
		73553C12283B30F800D29814 /* FetchData.swift */ = {isa = PBXFileReference; lastKnownFileType = sourcecode.swift; path = FetchData.swift; sourceTree = "<group>"; };
		73553C1D283EEE7800D29814 /* FetchDataMock.swift */ = {isa = PBXFileReference; lastKnownFileType = sourcecode.swift; path = FetchDataMock.swift; sourceTree = "<group>"; };
		73553C2B283EF04200D29814 /* ViewPresenterTests.swift */ = {isa = PBXFileReference; lastKnownFileType = sourcecode.swift; path = ViewPresenterTests.swift; sourceTree = "<group>"; };
		735B2E02280F64B600C378F0 /* DataCollectionViewCell.swift */ = {isa = PBXFileReference; lastKnownFileType = sourcecode.swift; path = DataCollectionViewCell.swift; sourceTree = "<group>"; };
		735B2E09280F6F2100C378F0 /* Presenter.swift */ = {isa = PBXFileReference; lastKnownFileType = sourcecode.swift; path = Presenter.swift; sourceTree = "<group>"; };
		735B2E0F280F6FEB00C378F0 /* View.swift */ = {isa = PBXFileReference; lastKnownFileType = sourcecode.swift; path = View.swift; sourceTree = "<group>"; };
		735B2E1E28106B9E00C378F0 /* PopularMoviesServersResponse.swift */ = {isa = PBXFileReference; lastKnownFileType = sourcecode.swift; path = PopularMoviesServersResponse.swift; sourceTree = "<group>"; };
		735B2E2328106C2B00C378F0 /* MovieJSON.swift */ = {isa = PBXFileReference; lastKnownFileType = sourcecode.swift; path = MovieJSON.swift; sourceTree = "<group>"; };
		73A8E2A62820F6D90050EE7D /* LogOutViewController.swift */ = {isa = PBXFileReference; lastKnownFileType = sourcecode.swift; path = LogOutViewController.swift; sourceTree = "<group>"; };
		73BEAEC12841745B00F33C6E /* Storage.swift */ = {isa = PBXFileReference; lastKnownFileType = sourcecode.swift; path = Storage.swift; sourceTree = "<group>"; };
		73BEAEC62842C8DA00F33C6E /* StorageMock.swift */ = {isa = PBXFileReference; lastKnownFileType = sourcecode.swift; path = StorageMock.swift; sourceTree = "<group>"; };
		73C638B8280E3C4400C68E9E /* MoviesInformation.app */ = {isa = PBXFileReference; explicitFileType = wrapper.application; includeInIndex = 0; path = MoviesInformation.app; sourceTree = BUILT_PRODUCTS_DIR; };
		73C638BB280E3C4400C68E9E /* AppDelegate.swift */ = {isa = PBXFileReference; lastKnownFileType = sourcecode.swift; path = AppDelegate.swift; sourceTree = "<group>"; };
		73C638BD280E3C4400C68E9E /* SceneDelegate.swift */ = {isa = PBXFileReference; lastKnownFileType = sourcecode.swift; path = SceneDelegate.swift; sourceTree = "<group>"; };
		73C638BF280E3C4400C68E9E /* HomeViewController.swift */ = {isa = PBXFileReference; lastKnownFileType = sourcecode.swift; path = HomeViewController.swift; sourceTree = "<group>"; };
		73C638C2280E3C4400C68E9E /* Base */ = {isa = PBXFileReference; lastKnownFileType = file.storyboard; name = Base; path = Base.lproj/Main.storyboard; sourceTree = "<group>"; };
		73C638C5280E3C4400C68E9E /* MoviesInformation.xcdatamodel */ = {isa = PBXFileReference; lastKnownFileType = wrapper.xcdatamodel; path = MoviesInformation.xcdatamodel; sourceTree = "<group>"; };
		73C638C7280E3C4600C68E9E /* Assets.xcassets */ = {isa = PBXFileReference; lastKnownFileType = folder.assetcatalog; path = Assets.xcassets; sourceTree = "<group>"; };
		73C638CA280E3C4600C68E9E /* Base */ = {isa = PBXFileReference; lastKnownFileType = file.storyboard; name = Base; path = Base.lproj/LaunchScreen.storyboard; sourceTree = "<group>"; };
		73C638CC280E3C4600C68E9E /* Info.plist */ = {isa = PBXFileReference; lastKnownFileType = text.plist.xml; name = Info.plist; path = ../Info.plist; sourceTree = "<group>"; };
		73C638D1280E3C4600C68E9E /* MoviesInformationTests.xctest */ = {isa = PBXFileReference; explicitFileType = wrapper.cfbundle; includeInIndex = 0; path = MoviesInformationTests.xctest; sourceTree = BUILT_PRODUCTS_DIR; };
		73C638D5280E3C4600C68E9E /* MoviesInformationTests.swift */ = {isa = PBXFileReference; lastKnownFileType = sourcecode.swift; path = MoviesInformationTests.swift; sourceTree = "<group>"; };
		73C638D7280E3C4600C68E9E /* Info.plist */ = {isa = PBXFileReference; lastKnownFileType = text.plist.xml; path = Info.plist; sourceTree = "<group>"; };
		73C638DC280E3C4600C68E9E /* MoviesInformationUITests.xctest */ = {isa = PBXFileReference; explicitFileType = wrapper.cfbundle; includeInIndex = 0; path = MoviesInformationUITests.xctest; sourceTree = BUILT_PRODUCTS_DIR; };
		73C638E0280E3C4600C68E9E /* MoviesInformationUITests.swift */ = {isa = PBXFileReference; lastKnownFileType = sourcecode.swift; path = MoviesInformationUITests.swift; sourceTree = "<group>"; };
		73C638E2280E3C4600C68E9E /* Info.plist */ = {isa = PBXFileReference; lastKnownFileType = text.plist.xml; path = Info.plist; sourceTree = "<group>"; };
		73C638F2280E3D2B00C68E9E /* ViewPresenter.swift */ = {isa = PBXFileReference; lastKnownFileType = sourcecode.swift; path = ViewPresenter.swift; sourceTree = "<group>"; };
		73E72FEB2811587000F4185D /* MovieDetailViewController.swift */ = {isa = PBXFileReference; lastKnownFileType = sourcecode.swift; path = MovieDetailViewController.swift; sourceTree = "<group>"; };
		7DC388DE29CAF0C354642F16 /* Pods-MoviesInformation-MoviesInformationUITests.debug.xcconfig */ = {isa = PBXFileReference; includeInIndex = 1; lastKnownFileType = text.xcconfig; name = "Pods-MoviesInformation-MoviesInformationUITests.debug.xcconfig"; path = "Target Support Files/Pods-MoviesInformation-MoviesInformationUITests/Pods-MoviesInformation-MoviesInformationUITests.debug.xcconfig"; sourceTree = "<group>"; };
		9B560D5D1A8D18FACB926399 /* Pods-MoviesInformation-MoviesInformationUITests.release.xcconfig */ = {isa = PBXFileReference; includeInIndex = 1; lastKnownFileType = text.xcconfig; name = "Pods-MoviesInformation-MoviesInformationUITests.release.xcconfig"; path = "Target Support Files/Pods-MoviesInformation-MoviesInformationUITests/Pods-MoviesInformation-MoviesInformationUITests.release.xcconfig"; sourceTree = "<group>"; };
		D2EB85F3EBFC26E520947854 /* Pods-MoviesInformation.debug.xcconfig */ = {isa = PBXFileReference; includeInIndex = 1; lastKnownFileType = text.xcconfig; name = "Pods-MoviesInformation.debug.xcconfig"; path = "Target Support Files/Pods-MoviesInformation/Pods-MoviesInformation.debug.xcconfig"; sourceTree = "<group>"; };
		DE5A9000385E78473439D09E /* Pods_MoviesInformation.framework */ = {isa = PBXFileReference; explicitFileType = wrapper.framework; includeInIndex = 0; path = Pods_MoviesInformation.framework; sourceTree = BUILT_PRODUCTS_DIR; };
		E5027E098F53882BBF687376 /* Pods-MoviesInformationTests.release.xcconfig */ = {isa = PBXFileReference; includeInIndex = 1; lastKnownFileType = text.xcconfig; name = "Pods-MoviesInformationTests.release.xcconfig"; path = "Target Support Files/Pods-MoviesInformationTests/Pods-MoviesInformationTests.release.xcconfig"; sourceTree = "<group>"; };
		EE3F46F8FB537650F292481D /* Pods_MoviesInformationTests.framework */ = {isa = PBXFileReference; explicitFileType = wrapper.framework; includeInIndex = 0; path = Pods_MoviesInformationTests.framework; sourceTree = BUILT_PRODUCTS_DIR; };
/* End PBXFileReference section */

/* Begin PBXFrameworksBuildPhase section */
		73C638B5280E3C4400C68E9E /* Frameworks */ = {
			isa = PBXFrameworksBuildPhase;
			buildActionMask = 2147483647;
			files = (
				EB352DFE23CE00D44B6F9ABC /* Pods_MoviesInformation.framework in Frameworks */,
			);
			runOnlyForDeploymentPostprocessing = 0;
		};
		73C638CE280E3C4600C68E9E /* Frameworks */ = {
			isa = PBXFrameworksBuildPhase;
			buildActionMask = 2147483647;
			files = (
				B10B54059A205EE6F98837EA /* Pods_MoviesInformationTests.framework in Frameworks */,
			);
			runOnlyForDeploymentPostprocessing = 0;
		};
		73C638D9280E3C4600C68E9E /* Frameworks */ = {
			isa = PBXFrameworksBuildPhase;
			buildActionMask = 2147483647;
			files = (
				B32972D29515537B955D94E1 /* Pods_MoviesInformation_MoviesInformationUITests.framework in Frameworks */,
			);
			runOnlyForDeploymentPostprocessing = 0;
		};
/* End PBXFrameworksBuildPhase section */

/* Begin PBXGroup section */
		5A36ADFF7EB7D7145CCF5D37 /* Frameworks */ = {
			isa = PBXGroup;
			children = (
				DE5A9000385E78473439D09E /* Pods_MoviesInformation.framework */,
				63F7E67A23CF9AF4D5E0947D /* Pods_MoviesInformation_MoviesInformationUITests.framework */,
				EE3F46F8FB537650F292481D /* Pods_MoviesInformationTests.framework */,
			);
			name = Frameworks;
			sourceTree = "<group>";
		};
		735B2E0E280F6FD600C378F0 /* view */ = {
			isa = PBXGroup;
			children = (
				73E7300428120D4E00F4185D /* launch */,
				73C638C1280E3C4400C68E9E /* Main.storyboard */,
				735B2E0F280F6FEB00C378F0 /* View.swift */,
			);
			path = view;
			sourceTree = "<group>";
		};
		735B2E1D28106B5F00C378F0 /* ApiLocalData */ = {
			isa = PBXGroup;
			children = (
				735B2E1E28106B9E00C378F0 /* PopularMoviesServersResponse.swift */,
				735B2E2328106C2B00C378F0 /* MovieJSON.swift */,
			);
			path = ApiLocalData;
			sourceTree = "<group>";
		};
		73C638AF280E3C4400C68E9E = {
			isa = PBXGroup;
			children = (
				73553BF1283AF8A800D29814 /* Movie+CoreDataClass.swift */,
				73553BF2283AF8A800D29814 /* Movie+CoreDataProperties.swift */,
				73C638BA280E3C4400C68E9E /* MoviesInformation */,
				73C638D4280E3C4600C68E9E /* MoviesInformationTests */,
				73C638DF280E3C4600C68E9E /* MoviesInformationUITests */,
				73C638B9280E3C4400C68E9E /* Products */,
				C2681D7A990C8A6C89150A15 /* Pods */,
				5A36ADFF7EB7D7145CCF5D37 /* Frameworks */,
			);
			sourceTree = "<group>";
		};
		73C638B9280E3C4400C68E9E /* Products */ = {
			isa = PBXGroup;
			children = (
				73C638B8280E3C4400C68E9E /* MoviesInformation.app */,
				73C638D1280E3C4600C68E9E /* MoviesInformationTests.xctest */,
				73C638DC280E3C4600C68E9E /* MoviesInformationUITests.xctest */,
			);
			name = Products;
			sourceTree = "<group>";
		};
		73C638BA280E3C4400C68E9E /* MoviesInformation */ = {
			isa = PBXGroup;
			children = (
				73E72FF62812098E00F4185D /* Controllers */,
				73E72FF42812092000F4185D /* SuportingFiles */,
				735B2E1D28106B5F00C378F0 /* ApiLocalData */,
				735B2E0E280F6FD600C378F0 /* view */,
				73C638F1280E3CFA00C68E9E /* Presenter */,
				73C638C7280E3C4600C68E9E /* Assets.xcassets */,
				73C638C4280E3C4400C68E9E /* MoviesInformation.xcdatamodeld */,
			);
			path = MoviesInformation;
			sourceTree = "<group>";
		};
		73C638D4280E3C4600C68E9E /* MoviesInformationTests */ = {
			isa = PBXGroup;
			children = (
				73C638D7280E3C4600C68E9E /* Info.plist */,
				73C638D5280E3C4600C68E9E /* MoviesInformationTests.swift */,
				73553C1D283EEE7800D29814 /* FetchDataMock.swift */,
				73553C2B283EF04200D29814 /* ViewPresenterTests.swift */,
				732CBF48283F26780000DB3E /* ViewTests.swift */,
				732CBF4D283F26D60000DB3E /* ViewMock.swift */,
				73BEAEC62842C8DA00F33C6E /* StorageMock.swift */,
			);
			path = MoviesInformationTests;
			sourceTree = "<group>";
		};
		73C638DF280E3C4600C68E9E /* MoviesInformationUITests */ = {
			isa = PBXGroup;
			children = (
				73C638E0280E3C4600C68E9E /* MoviesInformationUITests.swift */,
				73C638E2280E3C4600C68E9E /* Info.plist */,
			);
			path = MoviesInformationUITests;
			sourceTree = "<group>";
		};
		73C638F1280E3CFA00C68E9E /* Presenter */ = {
			isa = PBXGroup;
			children = (
				73C638F2280E3D2B00C68E9E /* ViewPresenter.swift */,
				735B2E09280F6F2100C378F0 /* Presenter.swift */,
			);
			path = Presenter;
			sourceTree = "<group>";
		};
		73E72FF42812092000F4185D /* SuportingFiles */ = {
			isa = PBXGroup;
			children = (
				732D475F281F4E2100038C57 /* GoogleService-Info.plist */,
				73C638CC280E3C4600C68E9E /* Info.plist */,
			);
			path = SuportingFiles;
			sourceTree = "<group>";
		};
		73E72FF62812098E00F4185D /* Controllers */ = {
			isa = PBXGroup;
			children = (
				73E73005281213E500F4185D /* Delegates */,
				73C638BF280E3C4400C68E9E /* HomeViewController.swift */,
				735B2E02280F64B600C378F0 /* DataCollectionViewCell.swift */,
				73E72FEB2811587000F4185D /* MovieDetailViewController.swift */,
				732D47802820F08100038C57 /* AuthViewController.swift */,
				73A8E2A62820F6D90050EE7D /* LogOutViewController.swift */,
				73553C12283B30F800D29814 /* FetchData.swift */,
			);
			path = Controllers;
			sourceTree = "<group>";
		};
		73E7300428120D4E00F4185D /* launch */ = {
			isa = PBXGroup;
			children = (
				73C638C9280E3C4600C68E9E /* LaunchScreen.storyboard */,
			);
			path = launch;
			sourceTree = "<group>";
		};
		73E73005281213E500F4185D /* Delegates */ = {
			isa = PBXGroup;
			children = (
				73C638BB280E3C4400C68E9E /* AppDelegate.swift */,
				73C638BD280E3C4400C68E9E /* SceneDelegate.swift */,
				73BEAEC12841745B00F33C6E /* Storage.swift */,
			);
			path = Delegates;
			sourceTree = "<group>";
		};
		C2681D7A990C8A6C89150A15 /* Pods */ = {
			isa = PBXGroup;
			children = (
				D2EB85F3EBFC26E520947854 /* Pods-MoviesInformation.debug.xcconfig */,
				30BCB45D839178F9B4B559E7 /* Pods-MoviesInformation.release.xcconfig */,
				7DC388DE29CAF0C354642F16 /* Pods-MoviesInformation-MoviesInformationUITests.debug.xcconfig */,
				9B560D5D1A8D18FACB926399 /* Pods-MoviesInformation-MoviesInformationUITests.release.xcconfig */,
				638713024424133EC86EDDC8 /* Pods-MoviesInformationTests.debug.xcconfig */,
				E5027E098F53882BBF687376 /* Pods-MoviesInformationTests.release.xcconfig */,
			);
			path = Pods;
			sourceTree = "<group>";
		};
/* End PBXGroup section */

/* Begin PBXNativeTarget section */
		73C638B7280E3C4400C68E9E /* MoviesInformation */ = {
			isa = PBXNativeTarget;
			buildConfigurationList = 73C638E5280E3C4600C68E9E /* Build configuration list for PBXNativeTarget "MoviesInformation" */;
			buildPhases = (
				8EEDB7890B36CC228D78BAED /* [CP] Check Pods Manifest.lock */,
				73C638B4280E3C4400C68E9E /* Sources */,
				73C638B5280E3C4400C68E9E /* Frameworks */,
				73C638B6280E3C4400C68E9E /* Resources */,
				D0D3681C7A4D167C0DD29BC6 /* [CP] Embed Pods Frameworks */,
			);
			buildRules = (
			);
			dependencies = (
			);
			name = MoviesInformation;
			productName = MoviesInformation;
			productReference = 73C638B8280E3C4400C68E9E /* MoviesInformation.app */;
			productType = "com.apple.product-type.application";
		};
		73C638D0280E3C4600C68E9E /* MoviesInformationTests */ = {
			isa = PBXNativeTarget;
			buildConfigurationList = 73C638E8280E3C4600C68E9E /* Build configuration list for PBXNativeTarget "MoviesInformationTests" */;
			buildPhases = (
				8BDD709840DA1438913CB5A3 /* [CP] Check Pods Manifest.lock */,
				73C638CD280E3C4600C68E9E /* Sources */,
				73C638CE280E3C4600C68E9E /* Frameworks */,
				73C638CF280E3C4600C68E9E /* Resources */,
			);
			buildRules = (
			);
			dependencies = (
				73C638D3280E3C4600C68E9E /* PBXTargetDependency */,
			);
			name = MoviesInformationTests;
			productName = MoviesInformationTests;
			productReference = 73C638D1280E3C4600C68E9E /* MoviesInformationTests.xctest */;
			productType = "com.apple.product-type.bundle.unit-test";
		};
		73C638DB280E3C4600C68E9E /* MoviesInformationUITests */ = {
			isa = PBXNativeTarget;
			buildConfigurationList = 73C638EB280E3C4600C68E9E /* Build configuration list for PBXNativeTarget "MoviesInformationUITests" */;
			buildPhases = (
				F5260826C53DC468674F0351 /* [CP] Check Pods Manifest.lock */,
				73C638D8280E3C4600C68E9E /* Sources */,
				73C638D9280E3C4600C68E9E /* Frameworks */,
				73C638DA280E3C4600C68E9E /* Resources */,
				E02AC07A580477F02C17BF54 /* [CP] Embed Pods Frameworks */,
			);
			buildRules = (
			);
			dependencies = (
				73C638DE280E3C4600C68E9E /* PBXTargetDependency */,
			);
			name = MoviesInformationUITests;
			productName = MoviesInformationUITests;
			productReference = 73C638DC280E3C4600C68E9E /* MoviesInformationUITests.xctest */;
			productType = "com.apple.product-type.bundle.ui-testing";
		};
/* End PBXNativeTarget section */

/* Begin PBXProject section */
		73C638B0280E3C4400C68E9E /* Project object */ = {
			isa = PBXProject;
			attributes = {
				LastSwiftUpdateCheck = 1200;
				LastUpgradeCheck = 1200;
				TargetAttributes = {
					73C638B7280E3C4400C68E9E = {
						CreatedOnToolsVersion = 12.0.1;
					};
					73C638D0280E3C4600C68E9E = {
						CreatedOnToolsVersion = 12.0.1;
						TestTargetID = 73C638B7280E3C4400C68E9E;
					};
					73C638DB280E3C4600C68E9E = {
						CreatedOnToolsVersion = 12.0.1;
						TestTargetID = 73C638B7280E3C4400C68E9E;
					};
				};
			};
			buildConfigurationList = 73C638B3280E3C4400C68E9E /* Build configuration list for PBXProject "MoviesInformation" */;
			compatibilityVersion = "Xcode 9.3";
			developmentRegion = en;
			hasScannedForEncodings = 0;
			knownRegions = (
				en,
				Base,
			);
			mainGroup = 73C638AF280E3C4400C68E9E;
			productRefGroup = 73C638B9280E3C4400C68E9E /* Products */;
			projectDirPath = "";
			projectRoot = "";
			targets = (
				73C638B7280E3C4400C68E9E /* MoviesInformation */,
				73C638D0280E3C4600C68E9E /* MoviesInformationTests */,
				73C638DB280E3C4600C68E9E /* MoviesInformationUITests */,
			);
		};
/* End PBXProject section */

/* Begin PBXResourcesBuildPhase section */
		73C638B6280E3C4400C68E9E /* Resources */ = {
			isa = PBXResourcesBuildPhase;
			buildActionMask = 2147483647;
			files = (
				73C638CB280E3C4600C68E9E /* LaunchScreen.storyboard in Resources */,
				732D4760281F4E2100038C57 /* GoogleService-Info.plist in Resources */,
				73C638C8280E3C4600C68E9E /* Assets.xcassets in Resources */,
				73C638C3280E3C4400C68E9E /* Main.storyboard in Resources */,
			);
			runOnlyForDeploymentPostprocessing = 0;
		};
		73C638CF280E3C4600C68E9E /* Resources */ = {
			isa = PBXResourcesBuildPhase;
			buildActionMask = 2147483647;
			files = (
			);
			runOnlyForDeploymentPostprocessing = 0;
		};
		73C638DA280E3C4600C68E9E /* Resources */ = {
			isa = PBXResourcesBuildPhase;
			buildActionMask = 2147483647;
			files = (
			);
			runOnlyForDeploymentPostprocessing = 0;
		};
/* End PBXResourcesBuildPhase section */

/* Begin PBXShellScriptBuildPhase section */
		8BDD709840DA1438913CB5A3 /* [CP] Check Pods Manifest.lock */ = {
			isa = PBXShellScriptBuildPhase;
			buildActionMask = 2147483647;
			files = (
			);
			inputFileListPaths = (
			);
			inputPaths = (
				"${PODS_PODFILE_DIR_PATH}/Podfile.lock",
				"${PODS_ROOT}/Manifest.lock",
			);
			name = "[CP] Check Pods Manifest.lock";
			outputFileListPaths = (
			);
			outputPaths = (
				"$(DERIVED_FILE_DIR)/Pods-MoviesInformationTests-checkManifestLockResult.txt",
			);
			runOnlyForDeploymentPostprocessing = 0;
			shellPath = /bin/sh;
			shellScript = "diff \"${PODS_PODFILE_DIR_PATH}/Podfile.lock\" \"${PODS_ROOT}/Manifest.lock\" > /dev/null\nif [ $? != 0 ] ; then\n    # print error to STDERR\n    echo \"error: The sandbox is not in sync with the Podfile.lock. Run 'pod install' or update your CocoaPods installation.\" >&2\n    exit 1\nfi\n# This output is used by Xcode 'outputs' to avoid re-running this script phase.\necho \"SUCCESS\" > \"${SCRIPT_OUTPUT_FILE_0}\"\n";
			showEnvVarsInLog = 0;
		};
		8EEDB7890B36CC228D78BAED /* [CP] Check Pods Manifest.lock */ = {
			isa = PBXShellScriptBuildPhase;
			buildActionMask = 2147483647;
			files = (
			);
			inputFileListPaths = (
			);
			inputPaths = (
				"${PODS_PODFILE_DIR_PATH}/Podfile.lock",
				"${PODS_ROOT}/Manifest.lock",
			);
			name = "[CP] Check Pods Manifest.lock";
			outputFileListPaths = (
			);
			outputPaths = (
				"$(DERIVED_FILE_DIR)/Pods-MoviesInformation-checkManifestLockResult.txt",
			);
			runOnlyForDeploymentPostprocessing = 0;
			shellPath = /bin/sh;
			shellScript = "diff \"${PODS_PODFILE_DIR_PATH}/Podfile.lock\" \"${PODS_ROOT}/Manifest.lock\" > /dev/null\nif [ $? != 0 ] ; then\n    # print error to STDERR\n    echo \"error: The sandbox is not in sync with the Podfile.lock. Run 'pod install' or update your CocoaPods installation.\" >&2\n    exit 1\nfi\n# This output is used by Xcode 'outputs' to avoid re-running this script phase.\necho \"SUCCESS\" > \"${SCRIPT_OUTPUT_FILE_0}\"\n";
			showEnvVarsInLog = 0;
		};
		D0D3681C7A4D167C0DD29BC6 /* [CP] Embed Pods Frameworks */ = {
			isa = PBXShellScriptBuildPhase;
			buildActionMask = 2147483647;
			files = (
			);
			inputFileListPaths = (
				"${PODS_ROOT}/Target Support Files/Pods-MoviesInformation/Pods-MoviesInformation-frameworks-${CONFIGURATION}-input-files.xcfilelist",
			);
			name = "[CP] Embed Pods Frameworks";
			outputFileListPaths = (
				"${PODS_ROOT}/Target Support Files/Pods-MoviesInformation/Pods-MoviesInformation-frameworks-${CONFIGURATION}-output-files.xcfilelist",
			);
			runOnlyForDeploymentPostprocessing = 0;
			shellPath = /bin/sh;
			shellScript = "\"${PODS_ROOT}/Target Support Files/Pods-MoviesInformation/Pods-MoviesInformation-frameworks.sh\"\n";
			showEnvVarsInLog = 0;
		};
		E02AC07A580477F02C17BF54 /* [CP] Embed Pods Frameworks */ = {
			isa = PBXShellScriptBuildPhase;
			buildActionMask = 2147483647;
			files = (
			);
			inputFileListPaths = (
				"${PODS_ROOT}/Target Support Files/Pods-MoviesInformation-MoviesInformationUITests/Pods-MoviesInformation-MoviesInformationUITests-frameworks-${CONFIGURATION}-input-files.xcfilelist",
			);
			name = "[CP] Embed Pods Frameworks";
			outputFileListPaths = (
				"${PODS_ROOT}/Target Support Files/Pods-MoviesInformation-MoviesInformationUITests/Pods-MoviesInformation-MoviesInformationUITests-frameworks-${CONFIGURATION}-output-files.xcfilelist",
			);
			runOnlyForDeploymentPostprocessing = 0;
			shellPath = /bin/sh;
			shellScript = "\"${PODS_ROOT}/Target Support Files/Pods-MoviesInformation-MoviesInformationUITests/Pods-MoviesInformation-MoviesInformationUITests-frameworks.sh\"\n";
			showEnvVarsInLog = 0;
		};
		F5260826C53DC468674F0351 /* [CP] Check Pods Manifest.lock */ = {
			isa = PBXShellScriptBuildPhase;
			buildActionMask = 2147483647;
			files = (
			);
			inputFileListPaths = (
			);
			inputPaths = (
				"${PODS_PODFILE_DIR_PATH}/Podfile.lock",
				"${PODS_ROOT}/Manifest.lock",
			);
			name = "[CP] Check Pods Manifest.lock";
			outputFileListPaths = (
			);
			outputPaths = (
				"$(DERIVED_FILE_DIR)/Pods-MoviesInformation-MoviesInformationUITests-checkManifestLockResult.txt",
			);
			runOnlyForDeploymentPostprocessing = 0;
			shellPath = /bin/sh;
			shellScript = "diff \"${PODS_PODFILE_DIR_PATH}/Podfile.lock\" \"${PODS_ROOT}/Manifest.lock\" > /dev/null\nif [ $? != 0 ] ; then\n    # print error to STDERR\n    echo \"error: The sandbox is not in sync with the Podfile.lock. Run 'pod install' or update your CocoaPods installation.\" >&2\n    exit 1\nfi\n# This output is used by Xcode 'outputs' to avoid re-running this script phase.\necho \"SUCCESS\" > \"${SCRIPT_OUTPUT_FILE_0}\"\n";
			showEnvVarsInLog = 0;
		};
/* End PBXShellScriptBuildPhase section */

/* Begin PBXSourcesBuildPhase section */
		73C638B4280E3C4400C68E9E /* Sources */ = {
			isa = PBXSourcesBuildPhase;
			buildActionMask = 2147483647;
			files = (
				73553BF3283AF8A800D29814 /* Movie+CoreDataClass.swift in Sources */,
				73553BF4283AF8A800D29814 /* Movie+CoreDataProperties.swift in Sources */,
				735B2E10280F6FEB00C378F0 /* View.swift in Sources */,
				73C638C0280E3C4400C68E9E /* HomeViewController.swift in Sources */,
				73C638BC280E3C4400C68E9E /* AppDelegate.swift in Sources */,
				73E72FEC2811587000F4185D /* MovieDetailViewController.swift in Sources */,
				732D47812820F08100038C57 /* AuthViewController.swift in Sources */,
				73C638BE280E3C4400C68E9E /* SceneDelegate.swift in Sources */,
				735B2E2428106C2B00C378F0 /* MovieJSON.swift in Sources */,
				73A8E2A72820F6D90050EE7D /* LogOutViewController.swift in Sources */,
				73C638C6280E3C4400C68E9E /* MoviesInformation.xcdatamodeld in Sources */,
				735B2E03280F64B600C378F0 /* DataCollectionViewCell.swift in Sources */,
				73C638F3280E3D2B00C68E9E /* ViewPresenter.swift in Sources */,
				735B2E0A280F6F2100C378F0 /* Presenter.swift in Sources */,
				73553C13283B30F800D29814 /* FetchData.swift in Sources */,
				73BEAEC22841745B00F33C6E /* Storage.swift in Sources */,
				735B2E1F28106B9E00C378F0 /* PopularMoviesServersResponse.swift in Sources */,
			);
			runOnlyForDeploymentPostprocessing = 0;
		};
		73C638CD280E3C4600C68E9E /* Sources */ = {
			isa = PBXSourcesBuildPhase;
			buildActionMask = 2147483647;
			files = (
				73BEAEC72842C8DA00F33C6E /* StorageMock.swift in Sources */,
				732CBF4E283F26D60000DB3E /* ViewMock.swift in Sources */,
				732CBF49283F26780000DB3E /* ViewTests.swift in Sources */,
				73553C1E283EEE7800D29814 /* FetchDataMock.swift in Sources */,
				73553C2C283EF04200D29814 /* ViewPresenterTests.swift in Sources */,
				73C638D6280E3C4600C68E9E /* MoviesInformationTests.swift in Sources */,
			);
			runOnlyForDeploymentPostprocessing = 0;
		};
		73C638D8280E3C4600C68E9E /* Sources */ = {
			isa = PBXSourcesBuildPhase;
			buildActionMask = 2147483647;
			files = (
				73C638E1280E3C4600C68E9E /* MoviesInformationUITests.swift in Sources */,
			);
			runOnlyForDeploymentPostprocessing = 0;
		};
/* End PBXSourcesBuildPhase section */

/* Begin PBXTargetDependency section */
		73C638D3280E3C4600C68E9E /* PBXTargetDependency */ = {
			isa = PBXTargetDependency;
			target = 73C638B7280E3C4400C68E9E /* MoviesInformation */;
			targetProxy = 73C638D2280E3C4600C68E9E /* PBXContainerItemProxy */;
		};
		73C638DE280E3C4600C68E9E /* PBXTargetDependency */ = {
			isa = PBXTargetDependency;
			target = 73C638B7280E3C4400C68E9E /* MoviesInformation */;
			targetProxy = 73C638DD280E3C4600C68E9E /* PBXContainerItemProxy */;
		};
/* End PBXTargetDependency section */

/* Begin PBXVariantGroup section */
		73C638C1280E3C4400C68E9E /* Main.storyboard */ = {
			isa = PBXVariantGroup;
			children = (
				73C638C2280E3C4400C68E9E /* Base */,
			);
			name = Main.storyboard;
			sourceTree = "<group>";
		};
		73C638C9280E3C4600C68E9E /* LaunchScreen.storyboard */ = {
			isa = PBXVariantGroup;
			children = (
				73C638CA280E3C4600C68E9E /* Base */,
			);
			name = LaunchScreen.storyboard;
			sourceTree = "<group>";
		};
/* End PBXVariantGroup section */

/* Begin XCBuildConfiguration section */
		73C638E3280E3C4600C68E9E /* Debug */ = {
			isa = XCBuildConfiguration;
			buildSettings = {
				ALWAYS_SEARCH_USER_PATHS = NO;
				CLANG_ANALYZER_NONNULL = YES;
				CLANG_ANALYZER_NUMBER_OBJECT_CONVERSION = YES_AGGRESSIVE;
				CLANG_CXX_LANGUAGE_STANDARD = "gnu++14";
				CLANG_CXX_LIBRARY = "libc++";
				CLANG_ENABLE_MODULES = YES;
				CLANG_ENABLE_OBJC_ARC = YES;
				CLANG_ENABLE_OBJC_WEAK = YES;
				CLANG_WARN_BLOCK_CAPTURE_AUTORELEASING = YES;
				CLANG_WARN_BOOL_CONVERSION = YES;
				CLANG_WARN_COMMA = YES;
				CLANG_WARN_CONSTANT_CONVERSION = YES;
				CLANG_WARN_DEPRECATED_OBJC_IMPLEMENTATIONS = YES;
				CLANG_WARN_DIRECT_OBJC_ISA_USAGE = YES_ERROR;
				CLANG_WARN_DOCUMENTATION_COMMENTS = YES;
				CLANG_WARN_EMPTY_BODY = YES;
				CLANG_WARN_ENUM_CONVERSION = YES;
				CLANG_WARN_INFINITE_RECURSION = YES;
				CLANG_WARN_INT_CONVERSION = YES;
				CLANG_WARN_NON_LITERAL_NULL_CONVERSION = YES;
				CLANG_WARN_OBJC_IMPLICIT_RETAIN_SELF = YES;
				CLANG_WARN_OBJC_LITERAL_CONVERSION = YES;
				CLANG_WARN_OBJC_ROOT_CLASS = YES_ERROR;
				CLANG_WARN_QUOTED_INCLUDE_IN_FRAMEWORK_HEADER = YES;
				CLANG_WARN_RANGE_LOOP_ANALYSIS = YES;
				CLANG_WARN_STRICT_PROTOTYPES = YES;
				CLANG_WARN_SUSPICIOUS_MOVE = YES;
				CLANG_WARN_UNGUARDED_AVAILABILITY = YES_AGGRESSIVE;
				CLANG_WARN_UNREACHABLE_CODE = YES;
				CLANG_WARN__DUPLICATE_METHOD_MATCH = YES;
				COPY_PHASE_STRIP = NO;
				DEBUG_INFORMATION_FORMAT = dwarf;
				ENABLE_STRICT_OBJC_MSGSEND = YES;
				ENABLE_TESTABILITY = YES;
				GCC_C_LANGUAGE_STANDARD = gnu11;
				GCC_DYNAMIC_NO_PIC = NO;
				GCC_NO_COMMON_BLOCKS = YES;
				GCC_OPTIMIZATION_LEVEL = 0;
				GCC_PREPROCESSOR_DEFINITIONS = (
					"DEBUG=1",
					"$(inherited)",
				);
				GCC_WARN_64_TO_32_BIT_CONVERSION = YES;
				GCC_WARN_ABOUT_RETURN_TYPE = YES_ERROR;
				GCC_WARN_UNDECLARED_SELECTOR = YES;
				GCC_WARN_UNINITIALIZED_AUTOS = YES_AGGRESSIVE;
				GCC_WARN_UNUSED_FUNCTION = YES;
				GCC_WARN_UNUSED_VARIABLE = YES;
				IPHONEOS_DEPLOYMENT_TARGET = 14.0;
				MTL_ENABLE_DEBUG_INFO = INCLUDE_SOURCE;
				MTL_FAST_MATH = YES;
				ONLY_ACTIVE_ARCH = YES;
				SDKROOT = iphoneos;
				SWIFT_ACTIVE_COMPILATION_CONDITIONS = DEBUG;
				SWIFT_OPTIMIZATION_LEVEL = "-Onone";
			};
			name = Debug;
		};
		73C638E4280E3C4600C68E9E /* Release */ = {
			isa = XCBuildConfiguration;
			buildSettings = {
				ALWAYS_SEARCH_USER_PATHS = NO;
				CLANG_ANALYZER_NONNULL = YES;
				CLANG_ANALYZER_NUMBER_OBJECT_CONVERSION = YES_AGGRESSIVE;
				CLANG_CXX_LANGUAGE_STANDARD = "gnu++14";
				CLANG_CXX_LIBRARY = "libc++";
				CLANG_ENABLE_MODULES = YES;
				CLANG_ENABLE_OBJC_ARC = YES;
				CLANG_ENABLE_OBJC_WEAK = YES;
				CLANG_WARN_BLOCK_CAPTURE_AUTORELEASING = YES;
				CLANG_WARN_BOOL_CONVERSION = YES;
				CLANG_WARN_COMMA = YES;
				CLANG_WARN_CONSTANT_CONVERSION = YES;
				CLANG_WARN_DEPRECATED_OBJC_IMPLEMENTATIONS = YES;
				CLANG_WARN_DIRECT_OBJC_ISA_USAGE = YES_ERROR;
				CLANG_WARN_DOCUMENTATION_COMMENTS = YES;
				CLANG_WARN_EMPTY_BODY = YES;
				CLANG_WARN_ENUM_CONVERSION = YES;
				CLANG_WARN_INFINITE_RECURSION = YES;
				CLANG_WARN_INT_CONVERSION = YES;
				CLANG_WARN_NON_LITERAL_NULL_CONVERSION = YES;
				CLANG_WARN_OBJC_IMPLICIT_RETAIN_SELF = YES;
				CLANG_WARN_OBJC_LITERAL_CONVERSION = YES;
				CLANG_WARN_OBJC_ROOT_CLASS = YES_ERROR;
				CLANG_WARN_QUOTED_INCLUDE_IN_FRAMEWORK_HEADER = YES;
				CLANG_WARN_RANGE_LOOP_ANALYSIS = YES;
				CLANG_WARN_STRICT_PROTOTYPES = YES;
				CLANG_WARN_SUSPICIOUS_MOVE = YES;
				CLANG_WARN_UNGUARDED_AVAILABILITY = YES_AGGRESSIVE;
				CLANG_WARN_UNREACHABLE_CODE = YES;
				CLANG_WARN__DUPLICATE_METHOD_MATCH = YES;
				COPY_PHASE_STRIP = NO;
				DEBUG_INFORMATION_FORMAT = "dwarf-with-dsym";
				ENABLE_NS_ASSERTIONS = NO;
				ENABLE_STRICT_OBJC_MSGSEND = YES;
				GCC_C_LANGUAGE_STANDARD = gnu11;
				GCC_NO_COMMON_BLOCKS = YES;
				GCC_WARN_64_TO_32_BIT_CONVERSION = YES;
				GCC_WARN_ABOUT_RETURN_TYPE = YES_ERROR;
				GCC_WARN_UNDECLARED_SELECTOR = YES;
				GCC_WARN_UNINITIALIZED_AUTOS = YES_AGGRESSIVE;
				GCC_WARN_UNUSED_FUNCTION = YES;
				GCC_WARN_UNUSED_VARIABLE = YES;
				IPHONEOS_DEPLOYMENT_TARGET = 14.0;
				MTL_ENABLE_DEBUG_INFO = NO;
				MTL_FAST_MATH = YES;
				SDKROOT = iphoneos;
				SWIFT_COMPILATION_MODE = wholemodule;
				SWIFT_OPTIMIZATION_LEVEL = "-O";
				VALIDATE_PRODUCT = YES;
			};
			name = Release;
		};
		73C638E6280E3C4600C68E9E /* Debug */ = {
			isa = XCBuildConfiguration;
			baseConfigurationReference = D2EB85F3EBFC26E520947854 /* Pods-MoviesInformation.debug.xcconfig */;
			buildSettings = {
				ASSETCATALOG_COMPILER_APPICON_NAME = AppIcon;
				ASSETCATALOG_COMPILER_GLOBAL_ACCENT_COLOR_NAME = AccentColor;
				CODE_SIGN_STYLE = Automatic;
				DEVELOPMENT_TEAM = 5DJ695UZH2;
				INFOPLIST_FILE = MoviesInformation/Info.plist;
				LD_RUNPATH_SEARCH_PATHS = (
					"$(inherited)",
					"@executable_path/Frameworks",
				);
				PRODUCT_BUNDLE_IDENTIFIER = con.juanS.MoviesInformation;
				PRODUCT_NAME = "$(TARGET_NAME)";
				SWIFT_VERSION = 5.0;
				TARGETED_DEVICE_FAMILY = "1,2";
			};
			name = Debug;
		};
		73C638E7280E3C4600C68E9E /* Release */ = {
			isa = XCBuildConfiguration;
			baseConfigurationReference = 30BCB45D839178F9B4B559E7 /* Pods-MoviesInformation.release.xcconfig */;
			buildSettings = {
				ASSETCATALOG_COMPILER_APPICON_NAME = AppIcon;
				ASSETCATALOG_COMPILER_GLOBAL_ACCENT_COLOR_NAME = AccentColor;
				CODE_SIGN_STYLE = Automatic;
				DEVELOPMENT_TEAM = 5DJ695UZH2;
				INFOPLIST_FILE = MoviesInformation/Info.plist;
				LD_RUNPATH_SEARCH_PATHS = (
					"$(inherited)",
					"@executable_path/Frameworks",
				);
				PRODUCT_BUNDLE_IDENTIFIER = con.juanS.MoviesInformation;
				PRODUCT_NAME = "$(TARGET_NAME)";
				SWIFT_VERSION = 5.0;
				TARGETED_DEVICE_FAMILY = "1,2";
			};
			name = Release;
		};
		73C638E9280E3C4600C68E9E /* Debug */ = {
			isa = XCBuildConfiguration;
			baseConfigurationReference = 638713024424133EC86EDDC8 /* Pods-MoviesInformationTests.debug.xcconfig */;
			buildSettings = {
				ALWAYS_EMBED_SWIFT_STANDARD_LIBRARIES = YES;
				BUNDLE_LOADER = "$(TEST_HOST)";
				CODE_SIGN_STYLE = Automatic;
				DEVELOPMENT_TEAM = 5DJ695UZH2;
				INFOPLIST_FILE = MoviesInformationTests/Info.plist;
				IPHONEOS_DEPLOYMENT_TARGET = 14.0;
				LD_RUNPATH_SEARCH_PATHS = (
					"$(inherited)",
					"@executable_path/Frameworks",
					"@loader_path/Frameworks",
				);
				PRODUCT_BUNDLE_IDENTIFIER = con.juanS.MoviesInformationTests;
				PRODUCT_NAME = "$(TARGET_NAME)";
				SWIFT_VERSION = 5.0;
				TARGETED_DEVICE_FAMILY = "1,2";
				TEST_HOST = "$(BUILT_PRODUCTS_DIR)/MoviesInformation.app/MoviesInformation";
			};
			name = Debug;
		};
		73C638EA280E3C4600C68E9E /* Release */ = {
			isa = XCBuildConfiguration;
			baseConfigurationReference = E5027E098F53882BBF687376 /* Pods-MoviesInformationTests.release.xcconfig */;
			buildSettings = {
				ALWAYS_EMBED_SWIFT_STANDARD_LIBRARIES = YES;
				BUNDLE_LOADER = "$(TEST_HOST)";
				CODE_SIGN_STYLE = Automatic;
				DEVELOPMENT_TEAM = 5DJ695UZH2;
				INFOPLIST_FILE = MoviesInformationTests/Info.plist;
				IPHONEOS_DEPLOYMENT_TARGET = 14.0;
				LD_RUNPATH_SEARCH_PATHS = (
					"$(inherited)",
					"@executable_path/Frameworks",
					"@loader_path/Frameworks",
				);
				PRODUCT_BUNDLE_IDENTIFIER = con.juanS.MoviesInformationTests;
				PRODUCT_NAME = "$(TARGET_NAME)";
				SWIFT_VERSION = 5.0;
				TARGETED_DEVICE_FAMILY = "1,2";
				TEST_HOST = "$(BUILT_PRODUCTS_DIR)/MoviesInformation.app/MoviesInformation";
			};
			name = Release;
		};
		73C638EC280E3C4600C68E9E /* Debug */ = {
			isa = XCBuildConfiguration;
			baseConfigurationReference = 7DC388DE29CAF0C354642F16 /* Pods-MoviesInformation-MoviesInformationUITests.debug.xcconfig */;
			buildSettings = {
				ALWAYS_EMBED_SWIFT_STANDARD_LIBRARIES = YES;
				CODE_SIGN_STYLE = Automatic;
				DEVELOPMENT_TEAM = 5DJ695UZH2;
				INFOPLIST_FILE = MoviesInformationUITests/Info.plist;
				LD_RUNPATH_SEARCH_PATHS = (
					"$(inherited)",
					"@executable_path/Frameworks",
					"@loader_path/Frameworks",
				);
				PRODUCT_BUNDLE_IDENTIFIER = con.juanS.MoviesInformationUITests;
				PRODUCT_NAME = "$(TARGET_NAME)";
				SWIFT_VERSION = 5.0;
				TARGETED_DEVICE_FAMILY = "1,2";
				TEST_TARGET_NAME = MoviesInformation;
			};
			name = Debug;
		};
		73C638ED280E3C4600C68E9E /* Release */ = {
			isa = XCBuildConfiguration;
			baseConfigurationReference = 9B560D5D1A8D18FACB926399 /* Pods-MoviesInformation-MoviesInformationUITests.release.xcconfig */;
			buildSettings = {
				ALWAYS_EMBED_SWIFT_STANDARD_LIBRARIES = YES;
				CODE_SIGN_STYLE = Automatic;
				DEVELOPMENT_TEAM = 5DJ695UZH2;
				INFOPLIST_FILE = MoviesInformationUITests/Info.plist;
				LD_RUNPATH_SEARCH_PATHS = (
					"$(inherited)",
					"@executable_path/Frameworks",
					"@loader_path/Frameworks",
				);
				PRODUCT_BUNDLE_IDENTIFIER = con.juanS.MoviesInformationUITests;
				PRODUCT_NAME = "$(TARGET_NAME)";
				SWIFT_VERSION = 5.0;
				TARGETED_DEVICE_FAMILY = "1,2";
				TEST_TARGET_NAME = MoviesInformation;
			};
			name = Release;
		};
/* End XCBuildConfiguration section */

/* Begin XCConfigurationList section */
		73C638B3280E3C4400C68E9E /* Build configuration list for PBXProject "MoviesInformation" */ = {
			isa = XCConfigurationList;
			buildConfigurations = (
				73C638E3280E3C4600C68E9E /* Debug */,
				73C638E4280E3C4600C68E9E /* Release */,
			);
			defaultConfigurationIsVisible = 0;
			defaultConfigurationName = Release;
		};
		73C638E5280E3C4600C68E9E /* Build configuration list for PBXNativeTarget "MoviesInformation" */ = {
			isa = XCConfigurationList;
			buildConfigurations = (
				73C638E6280E3C4600C68E9E /* Debug */,
				73C638E7280E3C4600C68E9E /* Release */,
			);
			defaultConfigurationIsVisible = 0;
			defaultConfigurationName = Release;
		};
		73C638E8280E3C4600C68E9E /* Build configuration list for PBXNativeTarget "MoviesInformationTests" */ = {
			isa = XCConfigurationList;
			buildConfigurations = (
				73C638E9280E3C4600C68E9E /* Debug */,
				73C638EA280E3C4600C68E9E /* Release */,
			);
			defaultConfigurationIsVisible = 0;
			defaultConfigurationName = Release;
		};
		73C638EB280E3C4600C68E9E /* Build configuration list for PBXNativeTarget "MoviesInformationUITests" */ = {
			isa = XCConfigurationList;
			buildConfigurations = (
				73C638EC280E3C4600C68E9E /* Debug */,
				73C638ED280E3C4600C68E9E /* Release */,
			);
			defaultConfigurationIsVisible = 0;
			defaultConfigurationName = Release;
		};
/* End XCConfigurationList section */

/* Begin XCVersionGroup section */
		73C638C4280E3C4400C68E9E /* MoviesInformation.xcdatamodeld */ = {
			isa = XCVersionGroup;
			children = (
				73C638C5280E3C4400C68E9E /* MoviesInformation.xcdatamodel */,
			);
			currentVersion = 73C638C5280E3C4400C68E9E /* MoviesInformation.xcdatamodel */;
			path = MoviesInformation.xcdatamodeld;
			sourceTree = "<group>";
			versionGroupType = wrapper.xcdatamodel;
		};
/* End XCVersionGroup section */
	};
	rootObject = 73C638B0280E3C4400C68E9E /* Project object */;
}
